
Microsoft Visual Studio Solution File, Format Version 12.00
# Visual Studio 14
VisualStudioVersion = 14.0.25123.0
MinimumVisualStudioVersion = 10.0.40219.1
Project("{FAE04EC0-301F-11D3-BF4B-00C04F79EFBC}") = "Test1.Droid", "Test1\Test1.Droid\Test1.Droid.csproj", "{332BD523-2FB1-4A8D-89B0-A2D85E0A1A19}"
EndProject
Project("{FAE04EC0-301F-11D3-BF4B-00C04F79EFBC}") = "Test1.iOS", "Test1\Test1.iOS\Test1.iOS.csproj", "{D002E33C-35C4-4A38-98CF-4C109B0748A4}"
EndProject
Project("{FAE04EC0-301F-11D3-BF4B-00C04F79EFBC}") = "Test1.WinPhone", "Test1\Test1.WinPhone\Test1.WinPhone.csproj", "{087FEE37-465E-4BA2-8C1E-BD90AA887E0F}"
EndProject
Project("{FAE04EC0-301F-11D3-BF4B-00C04F79EFBC}") = "Test1.UWP", "Test1\Test1.UWP\Test1.UWP.csproj", "{25AB2D2F-A3D4-41AF-B306-70E359463A89}"
EndProject
Project("{FAE04EC0-301F-11D3-BF4B-00C04F79EFBC}") = "Test1.Windows", "Test1\Test1.Windows\Test1.Windows.csproj", "{77B3CB7D-A0A2-44EE-92E2-42C3D3DB2BC1}"
EndProject
Project("{FAE04EC0-301F-11D3-BF4B-00C04F79EFBC}") = "Test1", "Test1\Test1\Test1.csproj", "{FAB91611-29B0-44EB-80A2-FB746C8A4979}"
EndProject
Global
	GlobalSection(SolutionConfigurationPlatforms) = preSolution
		Ad-Hoc|Any CPU = Ad-Hoc|Any CPU
		Ad-Hoc|ARM = Ad-Hoc|ARM
		Ad-Hoc|iPhone = Ad-Hoc|iPhone
		Ad-Hoc|iPhoneSimulator = Ad-Hoc|iPhoneSimulator
		Ad-Hoc|x64 = Ad-Hoc|x64
		Ad-Hoc|x86 = Ad-Hoc|x86
		AppStore|Any CPU = AppStore|Any CPU
		AppStore|ARM = AppStore|ARM
		AppStore|iPhone = AppStore|iPhone
		AppStore|iPhoneSimulator = AppStore|iPhoneSimulator
		AppStore|x64 = AppStore|x64
		AppStore|x86 = AppStore|x86
		Debug|Any CPU = Debug|Any CPU
		Debug|ARM = Debug|ARM
		Debug|iPhone = Debug|iPhone
		Debug|iPhoneSimulator = Debug|iPhoneSimulator
		Debug|x64 = Debug|x64
		Debug|x86 = Debug|x86
		Release|Any CPU = Release|Any CPU
		Release|ARM = Release|ARM
		Release|iPhone = Release|iPhone
		Release|iPhoneSimulator = Release|iPhoneSimulator
		Release|x64 = Release|x64
		Release|x86 = Release|x86
	EndGlobalSection
	GlobalSection(ProjectConfigurationPlatforms) = postSolution
		{332BD523-2FB1-4A8D-89B0-A2D85E0A1A19}.Ad-Hoc|Any CPU.ActiveCfg = Release|Any CPU
		{332BD523-2FB1-4A8D-89B0-A2D85E0A1A19}.Ad-Hoc|Any CPU.Build.0 = Release|Any CPU
		{332BD523-2FB1-4A8D-89B0-A2D85E0A1A19}.Ad-Hoc|Any CPU.Deploy.0 = Release|Any CPU
		{332BD523-2FB1-4A8D-89B0-A2D85E0A1A19}.Ad-Hoc|ARM.ActiveCfg = Release|Any CPU
		{332BD523-2FB1-4A8D-89B0-A2D85E0A1A19}.Ad-Hoc|ARM.Build.0 = Release|Any CPU
		{332BD523-2FB1-4A8D-89B0-A2D85E0A1A19}.Ad-Hoc|ARM.Deploy.0 = Release|Any CPU
		{332BD523-2FB1-4A8D-89B0-A2D85E0A1A19}.Ad-Hoc|iPhone.ActiveCfg = Release|Any CPU
		{332BD523-2FB1-4A8D-89B0-A2D85E0A1A19}.Ad-Hoc|iPhone.Build.0 = Release|Any CPU
		{332BD523-2FB1-4A8D-89B0-A2D85E0A1A19}.Ad-Hoc|iPhone.Deploy.0 = Release|Any CPU
		{332BD523-2FB1-4A8D-89B0-A2D85E0A1A19}.Ad-Hoc|iPhoneSimulator.ActiveCfg = Release|Any CPU
		{332BD523-2FB1-4A8D-89B0-A2D85E0A1A19}.Ad-Hoc|iPhoneSimulator.Build.0 = Release|Any CPU
		{332BD523-2FB1-4A8D-89B0-A2D85E0A1A19}.Ad-Hoc|iPhoneSimulator.Deploy.0 = Release|Any CPU
		{332BD523-2FB1-4A8D-89B0-A2D85E0A1A19}.Ad-Hoc|x64.ActiveCfg = Release|Any CPU
		{332BD523-2FB1-4A8D-89B0-A2D85E0A1A19}.Ad-Hoc|x64.Build.0 = Release|Any CPU
		{332BD523-2FB1-4A8D-89B0-A2D85E0A1A19}.Ad-Hoc|x64.Deploy.0 = Release|Any CPU
		{332BD523-2FB1-4A8D-89B0-A2D85E0A1A19}.Ad-Hoc|x86.ActiveCfg = Release|Any CPU
		{332BD523-2FB1-4A8D-89B0-A2D85E0A1A19}.Ad-Hoc|x86.Build.0 = Release|Any CPU
		{332BD523-2FB1-4A8D-89B0-A2D85E0A1A19}.Ad-Hoc|x86.Deploy.0 = Release|Any CPU
		{332BD523-2FB1-4A8D-89B0-A2D85E0A1A19}.AppStore|Any CPU.ActiveCfg = Release|Any CPU
		{332BD523-2FB1-4A8D-89B0-A2D85E0A1A19}.AppStore|Any CPU.Build.0 = Release|Any CPU
		{332BD523-2FB1-4A8D-89B0-A2D85E0A1A19}.AppStore|Any CPU.Deploy.0 = Release|Any CPU
		{332BD523-2FB1-4A8D-89B0-A2D85E0A1A19}.AppStore|ARM.ActiveCfg = Release|Any CPU
		{332BD523-2FB1-4A8D-89B0-A2D85E0A1A19}.AppStore|ARM.Build.0 = Release|Any CPU
		{332BD523-2FB1-4A8D-89B0-A2D85E0A1A19}.AppStore|ARM.Deploy.0 = Release|Any CPU
		{332BD523-2FB1-4A8D-89B0-A2D85E0A1A19}.AppStore|iPhone.ActiveCfg = Release|Any CPU
		{332BD523-2FB1-4A8D-89B0-A2D85E0A1A19}.AppStore|iPhone.Build.0 = Release|Any CPU
		{332BD523-2FB1-4A8D-89B0-A2D85E0A1A19}.AppStore|iPhone.Deploy.0 = Release|Any CPU
		{332BD523-2FB1-4A8D-89B0-A2D85E0A1A19}.AppStore|iPhoneSimulator.ActiveCfg = Release|Any CPU
		{332BD523-2FB1-4A8D-89B0-A2D85E0A1A19}.AppStore|iPhoneSimulator.Build.0 = Release|Any CPU
		{332BD523-2FB1-4A8D-89B0-A2D85E0A1A19}.AppStore|iPhoneSimulator.Deploy.0 = Release|Any CPU
		{332BD523-2FB1-4A8D-89B0-A2D85E0A1A19}.AppStore|x64.ActiveCfg = Release|Any CPU
		{332BD523-2FB1-4A8D-89B0-A2D85E0A1A19}.AppStore|x64.Build.0 = Release|Any CPU
		{332BD523-2FB1-4A8D-89B0-A2D85E0A1A19}.AppStore|x64.Deploy.0 = Release|Any CPU
		{332BD523-2FB1-4A8D-89B0-A2D85E0A1A19}.AppStore|x86.ActiveCfg = Release|Any CPU
		{332BD523-2FB1-4A8D-89B0-A2D85E0A1A19}.AppStore|x86.Build.0 = Release|Any CPU
		{332BD523-2FB1-4A8D-89B0-A2D85E0A1A19}.AppStore|x86.Deploy.0 = Release|Any CPU
		{332BD523-2FB1-4A8D-89B0-A2D85E0A1A19}.Debug|Any CPU.ActiveCfg = Debug|Any CPU
		{332BD523-2FB1-4A8D-89B0-A2D85E0A1A19}.Debug|Any CPU.Build.0 = Debug|Any CPU
		{332BD523-2FB1-4A8D-89B0-A2D85E0A1A19}.Debug|Any CPU.Deploy.0 = Debug|Any CPU
		{332BD523-2FB1-4A8D-89B0-A2D85E0A1A19}.Debug|ARM.ActiveCfg = Debug|Any CPU
		{332BD523-2FB1-4A8D-89B0-A2D85E0A1A19}.Debug|ARM.Build.0 = Debug|Any CPU
		{332BD523-2FB1-4A8D-89B0-A2D85E0A1A19}.Debug|ARM.Deploy.0 = Debug|Any CPU
		{332BD523-2FB1-4A8D-89B0-A2D85E0A1A19}.Debug|iPhone.ActiveCfg = Debug|Any CPU
		{332BD523-2FB1-4A8D-89B0-A2D85E0A1A19}.Debug|iPhone.Build.0 = Debug|Any CPU
		{332BD523-2FB1-4A8D-89B0-A2D85E0A1A19}.Debug|iPhone.Deploy.0 = Debug|Any CPU
		{332BD523-2FB1-4A8D-89B0-A2D85E0A1A19}.Debug|iPhoneSimulator.ActiveCfg = Debug|Any CPU
		{332BD523-2FB1-4A8D-89B0-A2D85E0A1A19}.Debug|iPhoneSimulator.Build.0 = Debug|Any CPU
		{332BD523-2FB1-4A8D-89B0-A2D85E0A1A19}.Debug|iPhoneSimulator.Deploy.0 = Debug|Any CPU
		{332BD523-2FB1-4A8D-89B0-A2D85E0A1A19}.Debug|x64.ActiveCfg = Debug|Any CPU
		{332BD523-2FB1-4A8D-89B0-A2D85E0A1A19}.Debug|x64.Build.0 = Debug|Any CPU
		{332BD523-2FB1-4A8D-89B0-A2D85E0A1A19}.Debug|x64.Deploy.0 = Debug|Any CPU
		{332BD523-2FB1-4A8D-89B0-A2D85E0A1A19}.Debug|x86.ActiveCfg = Debug|Any CPU
		{332BD523-2FB1-4A8D-89B0-A2D85E0A1A19}.Debug|x86.Build.0 = Debug|Any CPU
		{332BD523-2FB1-4A8D-89B0-A2D85E0A1A19}.Debug|x86.Deploy.0 = Debug|Any CPU
		{332BD523-2FB1-4A8D-89B0-A2D85E0A1A19}.Release|Any CPU.ActiveCfg = Release|Any CPU
		{332BD523-2FB1-4A8D-89B0-A2D85E0A1A19}.Release|Any CPU.Build.0 = Release|Any CPU
		{332BD523-2FB1-4A8D-89B0-A2D85E0A1A19}.Release|Any CPU.Deploy.0 = Release|Any CPU
		{332BD523-2FB1-4A8D-89B0-A2D85E0A1A19}.Release|ARM.ActiveCfg = Release|Any CPU
		{332BD523-2FB1-4A8D-89B0-A2D85E0A1A19}.Release|ARM.Build.0 = Release|Any CPU
		{332BD523-2FB1-4A8D-89B0-A2D85E0A1A19}.Release|ARM.Deploy.0 = Release|Any CPU
		{332BD523-2FB1-4A8D-89B0-A2D85E0A1A19}.Release|iPhone.ActiveCfg = Release|Any CPU
		{332BD523-2FB1-4A8D-89B0-A2D85E0A1A19}.Release|iPhone.Build.0 = Release|Any CPU
		{332BD523-2FB1-4A8D-89B0-A2D85E0A1A19}.Release|iPhone.Deploy.0 = Release|Any CPU
		{332BD523-2FB1-4A8D-89B0-A2D85E0A1A19}.Release|iPhoneSimulator.ActiveCfg = Release|Any CPU
		{332BD523-2FB1-4A8D-89B0-A2D85E0A1A19}.Release|iPhoneSimulator.Build.0 = Release|Any CPU
		{332BD523-2FB1-4A8D-89B0-A2D85E0A1A19}.Release|iPhoneSimulator.Deploy.0 = Release|Any CPU
		{332BD523-2FB1-4A8D-89B0-A2D85E0A1A19}.Release|x64.ActiveCfg = Release|Any CPU
		{332BD523-2FB1-4A8D-89B0-A2D85E0A1A19}.Release|x64.Build.0 = Release|Any CPU
		{332BD523-2FB1-4A8D-89B0-A2D85E0A1A19}.Release|x64.Deploy.0 = Release|Any CPU
		{332BD523-2FB1-4A8D-89B0-A2D85E0A1A19}.Release|x86.ActiveCfg = Release|Any CPU
		{332BD523-2FB1-4A8D-89B0-A2D85E0A1A19}.Release|x86.Build.0 = Release|Any CPU
		{332BD523-2FB1-4A8D-89B0-A2D85E0A1A19}.Release|x86.Deploy.0 = Release|Any CPU
		{D002E33C-35C4-4A38-98CF-4C109B0748A4}.Ad-Hoc|Any CPU.ActiveCfg = Ad-Hoc|iPhone
		{D002E33C-35C4-4A38-98CF-4C109B0748A4}.Ad-Hoc|ARM.ActiveCfg = Ad-Hoc|iPhone
		{D002E33C-35C4-4A38-98CF-4C109B0748A4}.Ad-Hoc|iPhone.ActiveCfg = Ad-Hoc|iPhone
		{D002E33C-35C4-4A38-98CF-4C109B0748A4}.Ad-Hoc|iPhone.Build.0 = Ad-Hoc|iPhone
		{D002E33C-35C4-4A38-98CF-4C109B0748A4}.Ad-Hoc|iPhoneSimulator.ActiveCfg = Ad-Hoc|iPhoneSimulator
		{D002E33C-35C4-4A38-98CF-4C109B0748A4}.Ad-Hoc|iPhoneSimulator.Build.0 = Ad-Hoc|iPhoneSimulator
		{D002E33C-35C4-4A38-98CF-4C109B0748A4}.Ad-Hoc|x64.ActiveCfg = Ad-Hoc|iPhone
		{D002E33C-35C4-4A38-98CF-4C109B0748A4}.Ad-Hoc|x86.ActiveCfg = Ad-Hoc|iPhone
		{D002E33C-35C4-4A38-98CF-4C109B0748A4}.AppStore|Any CPU.ActiveCfg = AppStore|iPhone
		{D002E33C-35C4-4A38-98CF-4C109B0748A4}.AppStore|ARM.ActiveCfg = AppStore|iPhone
		{D002E33C-35C4-4A38-98CF-4C109B0748A4}.AppStore|iPhone.ActiveCfg = AppStore|iPhone
		{D002E33C-35C4-4A38-98CF-4C109B0748A4}.AppStore|iPhone.Build.0 = AppStore|iPhone
		{D002E33C-35C4-4A38-98CF-4C109B0748A4}.AppStore|iPhoneSimulator.ActiveCfg = AppStore|iPhoneSimulator
		{D002E33C-35C4-4A38-98CF-4C109B0748A4}.AppStore|iPhoneSimulator.Build.0 = AppStore|iPhoneSimulator
		{D002E33C-35C4-4A38-98CF-4C109B0748A4}.AppStore|x64.ActiveCfg = AppStore|iPhone
		{D002E33C-35C4-4A38-98CF-4C109B0748A4}.AppStore|x86.ActiveCfg = AppStore|iPhone
		{D002E33C-35C4-4A38-98CF-4C109B0748A4}.Debug|Any CPU.ActiveCfg = Debug|iPhone
		{D002E33C-35C4-4A38-98CF-4C109B0748A4}.Debug|ARM.ActiveCfg = Debug|iPhone
		{D002E33C-35C4-4A38-98CF-4C109B0748A4}.Debug|iPhone.ActiveCfg = Debug|iPhone
		{D002E33C-35C4-4A38-98CF-4C109B0748A4}.Debug|iPhone.Build.0 = Debug|iPhone
		{D002E33C-35C4-4A38-98CF-4C109B0748A4}.Debug|iPhoneSimulator.ActiveCfg = Debug|iPhoneSimulator
		{D002E33C-35C4-4A38-98CF-4C109B0748A4}.Debug|iPhoneSimulator.Build.0 = Debug|iPhoneSimulator
		{D002E33C-35C4-4A38-98CF-4C109B0748A4}.Debug|x64.ActiveCfg = Debug|iPhone
		{D002E33C-35C4-4A38-98CF-4C109B0748A4}.Debug|x86.ActiveCfg = Debug|iPhone
		{D002E33C-35C4-4A38-98CF-4C109B0748A4}.Release|Any CPU.ActiveCfg = Release|iPhone
		{D002E33C-35C4-4A38-98CF-4C109B0748A4}.Release|ARM.ActiveCfg = Release|iPhone
		{D002E33C-35C4-4A38-98CF-4C109B0748A4}.Release|iPhone.ActiveCfg = Release|iPhone
		{D002E33C-35C4-4A38-98CF-4C109B0748A4}.Release|iPhone.Build.0 = Release|iPhone
		{D002E33C-35C4-4A38-98CF-4C109B0748A4}.Release|iPhoneSimulator.ActiveCfg = Release|iPhoneSimulator
		{D002E33C-35C4-4A38-98CF-4C109B0748A4}.Release|iPhoneSimulator.Build.0 = Release|iPhoneSimulator
		{D002E33C-35C4-4A38-98CF-4C109B0748A4}.Release|x64.ActiveCfg = Release|iPhone
		{D002E33C-35C4-4A38-98CF-4C109B0748A4}.Release|x86.ActiveCfg = Release|iPhone
		{087FEE37-465E-4BA2-8C1E-BD90AA887E0F}.Ad-Hoc|Any CPU.ActiveCfg = Release|Any CPU
		{087FEE37-465E-4BA2-8C1E-BD90AA887E0F}.Ad-Hoc|Any CPU.Build.0 = Release|Any CPU
		{087FEE37-465E-4BA2-8C1E-BD90AA887E0F}.Ad-Hoc|Any CPU.Deploy.0 = Release|Any CPU
		{087FEE37-465E-4BA2-8C1E-BD90AA887E0F}.Ad-Hoc|ARM.ActiveCfg = Release|ARM
		{087FEE37-465E-4BA2-8C1E-BD90AA887E0F}.Ad-Hoc|ARM.Build.0 = Release|ARM
		{087FEE37-465E-4BA2-8C1E-BD90AA887E0F}.Ad-Hoc|ARM.Deploy.0 = Release|ARM
		{087FEE37-465E-4BA2-8C1E-BD90AA887E0F}.Ad-Hoc|iPhone.ActiveCfg = Release|Any CPU
		{087FEE37-465E-4BA2-8C1E-BD90AA887E0F}.Ad-Hoc|iPhone.Build.0 = Release|Any CPU
		{087FEE37-465E-4BA2-8C1E-BD90AA887E0F}.Ad-Hoc|iPhone.Deploy.0 = Release|Any CPU
		{087FEE37-465E-4BA2-8C1E-BD90AA887E0F}.Ad-Hoc|iPhoneSimulator.ActiveCfg = Release|Any CPU
		{087FEE37-465E-4BA2-8C1E-BD90AA887E0F}.Ad-Hoc|iPhoneSimulator.Build.0 = Release|Any CPU
		{087FEE37-465E-4BA2-8C1E-BD90AA887E0F}.Ad-Hoc|iPhoneSimulator.Deploy.0 = Release|Any CPU
		{087FEE37-465E-4BA2-8C1E-BD90AA887E0F}.Ad-Hoc|x64.ActiveCfg = Release|Any CPU
		{087FEE37-465E-4BA2-8C1E-BD90AA887E0F}.Ad-Hoc|x64.Build.0 = Release|Any CPU
		{087FEE37-465E-4BA2-8C1E-BD90AA887E0F}.Ad-Hoc|x64.Deploy.0 = Release|Any CPU
		{087FEE37-465E-4BA2-8C1E-BD90AA887E0F}.Ad-Hoc|x86.ActiveCfg = Release|x86
		{087FEE37-465E-4BA2-8C1E-BD90AA887E0F}.Ad-Hoc|x86.Build.0 = Release|x86
		{087FEE37-465E-4BA2-8C1E-BD90AA887E0F}.Ad-Hoc|x86.Deploy.0 = Release|x86
		{087FEE37-465E-4BA2-8C1E-BD90AA887E0F}.AppStore|Any CPU.ActiveCfg = Release|Any CPU
		{087FEE37-465E-4BA2-8C1E-BD90AA887E0F}.AppStore|Any CPU.Build.0 = Release|Any CPU
		{087FEE37-465E-4BA2-8C1E-BD90AA887E0F}.AppStore|Any CPU.Deploy.0 = Release|Any CPU
		{087FEE37-465E-4BA2-8C1E-BD90AA887E0F}.AppStore|ARM.ActiveCfg = Release|ARM
		{087FEE37-465E-4BA2-8C1E-BD90AA887E0F}.AppStore|ARM.Build.0 = Release|ARM
		{087FEE37-465E-4BA2-8C1E-BD90AA887E0F}.AppStore|ARM.Deploy.0 = Release|ARM
		{087FEE37-465E-4BA2-8C1E-BD90AA887E0F}.AppStore|iPhone.ActiveCfg = Release|Any CPU
		{087FEE37-465E-4BA2-8C1E-BD90AA887E0F}.AppStore|iPhone.Build.0 = Release|Any CPU
		{087FEE37-465E-4BA2-8C1E-BD90AA887E0F}.AppStore|iPhone.Deploy.0 = Release|Any CPU
		{087FEE37-465E-4BA2-8C1E-BD90AA887E0F}.AppStore|iPhoneSimulator.ActiveCfg = Release|Any CPU
		{087FEE37-465E-4BA2-8C1E-BD90AA887E0F}.AppStore|iPhoneSimulator.Build.0 = Release|Any CPU
		{087FEE37-465E-4BA2-8C1E-BD90AA887E0F}.AppStore|iPhoneSimulator.Deploy.0 = Release|Any CPU
		{087FEE37-465E-4BA2-8C1E-BD90AA887E0F}.AppStore|x64.ActiveCfg = Release|Any CPU
		{087FEE37-465E-4BA2-8C1E-BD90AA887E0F}.AppStore|x64.Build.0 = Release|Any CPU
		{087FEE37-465E-4BA2-8C1E-BD90AA887E0F}.AppStore|x64.Deploy.0 = Release|Any CPU
		{087FEE37-465E-4BA2-8C1E-BD90AA887E0F}.AppStore|x86.ActiveCfg = Release|x86
		{087FEE37-465E-4BA2-8C1E-BD90AA887E0F}.AppStore|x86.Build.0 = Release|x86
		{087FEE37-465E-4BA2-8C1E-BD90AA887E0F}.AppStore|x86.Deploy.0 = Release|x86
		{087FEE37-465E-4BA2-8C1E-BD90AA887E0F}.Debug|Any CPU.ActiveCfg = Debug|Any CPU
		{087FEE37-465E-4BA2-8C1E-BD90AA887E0F}.Debug|Any CPU.Build.0 = Debug|Any CPU
		{087FEE37-465E-4BA2-8C1E-BD90AA887E0F}.Debug|Any CPU.Deploy.0 = Debug|Any CPU
		{087FEE37-465E-4BA2-8C1E-BD90AA887E0F}.Debug|ARM.ActiveCfg = Debug|ARM
		{087FEE37-465E-4BA2-8C1E-BD90AA887E0F}.Debug|ARM.Build.0 = Debug|ARM
		{087FEE37-465E-4BA2-8C1E-BD90AA887E0F}.Debug|ARM.Deploy.0 = Debug|ARM
		{087FEE37-465E-4BA2-8C1E-BD90AA887E0F}.Debug|iPhone.ActiveCfg = Debug|Any CPU
		{087FEE37-465E-4BA2-8C1E-BD90AA887E0F}.Debug|iPhone.Build.0 = Debug|Any CPU
		{087FEE37-465E-4BA2-8C1E-BD90AA887E0F}.Debug|iPhone.Deploy.0 = Debug|Any CPU
		{087FEE37-465E-4BA2-8C1E-BD90AA887E0F}.Debug|iPhoneSimulator.ActiveCfg = Debug|Any CPU
		{087FEE37-465E-4BA2-8C1E-BD90AA887E0F}.Debug|iPhoneSimulator.Build.0 = Debug|Any CPU
		{087FEE37-465E-4BA2-8C1E-BD90AA887E0F}.Debug|iPhoneSimulator.Deploy.0 = Debug|Any CPU
		{087FEE37-465E-4BA2-8C1E-BD90AA887E0F}.Debug|x64.ActiveCfg = Debug|Any CPU
		{087FEE37-465E-4BA2-8C1E-BD90AA887E0F}.Debug|x64.Build.0 = Debug|Any CPU
		{087FEE37-465E-4BA2-8C1E-BD90AA887E0F}.Debug|x64.Deploy.0 = Debug|Any CPU
		{087FEE37-465E-4BA2-8C1E-BD90AA887E0F}.Debug|x86.ActiveCfg = Debug|x86
		{087FEE37-465E-4BA2-8C1E-BD90AA887E0F}.Debug|x86.Build.0 = Debug|x86
		{087FEE37-465E-4BA2-8C1E-BD90AA887E0F}.Debug|x86.Deploy.0 = Debug|x86
		{087FEE37-465E-4BA2-8C1E-BD90AA887E0F}.Release|Any CPU.ActiveCfg = Release|Any CPU
		{087FEE37-465E-4BA2-8C1E-BD90AA887E0F}.Release|Any CPU.Build.0 = Release|Any CPU
		{087FEE37-465E-4BA2-8C1E-BD90AA887E0F}.Release|Any CPU.Deploy.0 = Release|Any CPU
		{087FEE37-465E-4BA2-8C1E-BD90AA887E0F}.Release|ARM.ActiveCfg = Release|ARM
		{087FEE37-465E-4BA2-8C1E-BD90AA887E0F}.Release|ARM.Build.0 = Release|ARM
		{087FEE37-465E-4BA2-8C1E-BD90AA887E0F}.Release|ARM.Deploy.0 = Release|ARM
		{087FEE37-465E-4BA2-8C1E-BD90AA887E0F}.Release|iPhone.ActiveCfg = Release|Any CPU
		{087FEE37-465E-4BA2-8C1E-BD90AA887E0F}.Release|iPhone.Build.0 = Release|Any CPU
		{087FEE37-465E-4BA2-8C1E-BD90AA887E0F}.Release|iPhone.Deploy.0 = Release|Any CPU
		{087FEE37-465E-4BA2-8C1E-BD90AA887E0F}.Release|iPhoneSimulator.ActiveCfg = Release|Any CPU
		{087FEE37-465E-4BA2-8C1E-BD90AA887E0F}.Release|iPhoneSimulator.Build.0 = Release|Any CPU
		{087FEE37-465E-4BA2-8C1E-BD90AA887E0F}.Release|iPhoneSimulator.Deploy.0 = Release|Any CPU
		{087FEE37-465E-4BA2-8C1E-BD90AA887E0F}.Release|x64.ActiveCfg = Release|Any CPU
		{087FEE37-465E-4BA2-8C1E-BD90AA887E0F}.Release|x64.Build.0 = Release|Any CPU
		{087FEE37-465E-4BA2-8C1E-BD90AA887E0F}.Release|x64.Deploy.0 = Release|Any CPU
		{087FEE37-465E-4BA2-8C1E-BD90AA887E0F}.Release|x86.ActiveCfg = Release|x86
		{087FEE37-465E-4BA2-8C1E-BD90AA887E0F}.Release|x86.Build.0 = Release|x86
		{087FEE37-465E-4BA2-8C1E-BD90AA887E0F}.Release|x86.Deploy.0 = Release|x86
		{25AB2D2F-A3D4-41AF-B306-70E359463A89}.Ad-Hoc|Any CPU.ActiveCfg = Release|x86
		{25AB2D2F-A3D4-41AF-B306-70E359463A89}.Ad-Hoc|Any CPU.Build.0 = Release|x86
		{25AB2D2F-A3D4-41AF-B306-70E359463A89}.Ad-Hoc|Any CPU.Deploy.0 = Release|x86
		{25AB2D2F-A3D4-41AF-B306-70E359463A89}.Ad-Hoc|ARM.ActiveCfg = Release|ARM
		{25AB2D2F-A3D4-41AF-B306-70E359463A89}.Ad-Hoc|ARM.Build.0 = Release|ARM
		{25AB2D2F-A3D4-41AF-B306-70E359463A89}.Ad-Hoc|ARM.Deploy.0 = Release|ARM
		{25AB2D2F-A3D4-41AF-B306-70E359463A89}.Ad-Hoc|iPhone.ActiveCfg = Release|x86
		{25AB2D2F-A3D4-41AF-B306-70E359463A89}.Ad-Hoc|iPhone.Build.0 = Release|x86
		{25AB2D2F-A3D4-41AF-B306-70E359463A89}.Ad-Hoc|iPhone.Deploy.0 = Release|x86
		{25AB2D2F-A3D4-41AF-B306-70E359463A89}.Ad-Hoc|iPhoneSimulator.ActiveCfg = Release|x86
		{25AB2D2F-A3D4-41AF-B306-70E359463A89}.Ad-Hoc|iPhoneSimulator.Build.0 = Release|x86
		{25AB2D2F-A3D4-41AF-B306-70E359463A89}.Ad-Hoc|iPhoneSimulator.Deploy.0 = Release|x86
		{25AB2D2F-A3D4-41AF-B306-70E359463A89}.Ad-Hoc|x64.ActiveCfg = Release|x64
		{25AB2D2F-A3D4-41AF-B306-70E359463A89}.Ad-Hoc|x64.Build.0 = Release|x64
		{25AB2D2F-A3D4-41AF-B306-70E359463A89}.Ad-Hoc|x64.Deploy.0 = Release|x64
		{25AB2D2F-A3D4-41AF-B306-70E359463A89}.Ad-Hoc|x86.ActiveCfg = Release|x86
		{25AB2D2F-A3D4-41AF-B306-70E359463A89}.Ad-Hoc|x86.Build.0 = Release|x86
		{25AB2D2F-A3D4-41AF-B306-70E359463A89}.Ad-Hoc|x86.Deploy.0 = Release|x86
		{25AB2D2F-A3D4-41AF-B306-70E359463A89}.AppStore|Any CPU.ActiveCfg = Release|x86
		{25AB2D2F-A3D4-41AF-B306-70E359463A89}.AppStore|Any CPU.Build.0 = Release|x86
		{25AB2D2F-A3D4-41AF-B306-70E359463A89}.AppStore|Any CPU.Deploy.0 = Release|x86
		{25AB2D2F-A3D4-41AF-B306-70E359463A89}.AppStore|ARM.ActiveCfg = Release|ARM
		{25AB2D2F-A3D4-41AF-B306-70E359463A89}.AppStore|ARM.Build.0 = Release|ARM
		{25AB2D2F-A3D4-41AF-B306-70E359463A89}.AppStore|ARM.Deploy.0 = Release|ARM
		{25AB2D2F-A3D4-41AF-B306-70E359463A89}.AppStore|iPhone.ActiveCfg = Release|x86
		{25AB2D2F-A3D4-41AF-B306-70E359463A89}.AppStore|iPhone.Build.0 = Release|x86
		{25AB2D2F-A3D4-41AF-B306-70E359463A89}.AppStore|iPhone.Deploy.0 = Release|x86
		{25AB2D2F-A3D4-41AF-B306-70E359463A89}.AppStore|iPhoneSimulator.ActiveCfg = Release|x86
		{25AB2D2F-A3D4-41AF-B306-70E359463A89}.AppStore|iPhoneSimulator.Build.0 = Release|x86
		{25AB2D2F-A3D4-41AF-B306-70E359463A89}.AppStore|iPhoneSimulator.Deploy.0 = Release|x86
		{25AB2D2F-A3D4-41AF-B306-70E359463A89}.AppStore|x64.ActiveCfg = Release|x64
		{25AB2D2F-A3D4-41AF-B306-70E359463A89}.AppStore|x64.Build.0 = Release|x64
		{25AB2D2F-A3D4-41AF-B306-70E359463A89}.AppStore|x64.Deploy.0 = Release|x64
		{25AB2D2F-A3D4-41AF-B306-70E359463A89}.AppStore|x86.ActiveCfg = Release|x86
		{25AB2D2F-A3D4-41AF-B306-70E359463A89}.AppStore|x86.Build.0 = Release|x86
		{25AB2D2F-A3D4-41AF-B306-70E359463A89}.AppStore|x86.Deploy.0 = Release|x86
		{25AB2D2F-A3D4-41AF-B306-70E359463A89}.Debug|Any CPU.ActiveCfg = Debug|x86
		{25AB2D2F-A3D4-41AF-B306-70E359463A89}.Debug|ARM.ActiveCfg = Debug|ARM
		{25AB2D2F-A3D4-41AF-B306-70E359463A89}.Debug|ARM.Build.0 = Debug|ARM
		{25AB2D2F-A3D4-41AF-B306-70E359463A89}.Debug|ARM.Deploy.0 = Debug|ARM
		{25AB2D2F-A3D4-41AF-B306-70E359463A89}.Debug|iPhone.ActiveCfg = Debug|x86
		{25AB2D2F-A3D4-41AF-B306-70E359463A89}.Debug|iPhoneSimulator.ActiveCfg = Debug|x86
		{25AB2D2F-A3D4-41AF-B306-70E359463A89}.Debug|x64.ActiveCfg = Debug|x64
		{25AB2D2F-A3D4-41AF-B306-70E359463A89}.Debug|x64.Build.0 = Debug|x64
		{25AB2D2F-A3D4-41AF-B306-70E359463A89}.Debug|x64.Deploy.0 = Debug|x64
		{25AB2D2F-A3D4-41AF-B306-70E359463A89}.Debug|x86.ActiveCfg = Debug|x86
		{25AB2D2F-A3D4-41AF-B306-70E359463A89}.Debug|x86.Build.0 = Debug|x86
		{25AB2D2F-A3D4-41AF-B306-70E359463A89}.Debug|x86.Deploy.0 = Debug|x86
		{25AB2D2F-A3D4-41AF-B306-70E359463A89}.Release|Any CPU.ActiveCfg = Release|x86
		{25AB2D2F-A3D4-41AF-B306-70E359463A89}.Release|ARM.ActiveCfg = Release|ARM
		{25AB2D2F-A3D4-41AF-B306-70E359463A89}.Release|ARM.Build.0 = Release|ARM
		{25AB2D2F-A3D4-41AF-B306-70E359463A89}.Release|ARM.Deploy.0 = Release|ARM
		{25AB2D2F-A3D4-41AF-B306-70E359463A89}.Release|iPhone.ActiveCfg = Release|x86
		{25AB2D2F-A3D4-41AF-B306-70E359463A89}.Release|iPhoneSimulator.ActiveCfg = Release|x86
		{25AB2D2F-A3D4-41AF-B306-70E359463A89}.Release|x64.ActiveCfg = Release|x64
		{25AB2D2F-A3D4-41AF-B306-70E359463A89}.Release|x64.Build.0 = Release|x64
		{25AB2D2F-A3D4-41AF-B306-70E359463A89}.Release|x64.Deploy.0 = Release|x64
		{25AB2D2F-A3D4-41AF-B306-70E359463A89}.Release|x86.ActiveCfg = Release|x86
		{25AB2D2F-A3D4-41AF-B306-70E359463A89}.Release|x86.Build.0 = Release|x86
		{25AB2D2F-A3D4-41AF-B306-70E359463A89}.Release|x86.Deploy.0 = Release|x86
		{77B3CB7D-A0A2-44EE-92E2-42C3D3DB2BC1}.Ad-Hoc|Any CPU.ActiveCfg = Release|Any CPU
		{77B3CB7D-A0A2-44EE-92E2-42C3D3DB2BC1}.Ad-Hoc|Any CPU.Build.0 = Release|Any CPU
		{77B3CB7D-A0A2-44EE-92E2-42C3D3DB2BC1}.Ad-Hoc|Any CPU.Deploy.0 = Release|Any CPU
		{77B3CB7D-A0A2-44EE-92E2-42C3D3DB2BC1}.Ad-Hoc|ARM.ActiveCfg = Release|ARM
		{77B3CB7D-A0A2-44EE-92E2-42C3D3DB2BC1}.Ad-Hoc|ARM.Build.0 = Release|ARM
		{77B3CB7D-A0A2-44EE-92E2-42C3D3DB2BC1}.Ad-Hoc|ARM.Deploy.0 = Release|ARM
		{77B3CB7D-A0A2-44EE-92E2-42C3D3DB2BC1}.Ad-Hoc|iPhone.ActiveCfg = Release|Any CPU
		{77B3CB7D-A0A2-44EE-92E2-42C3D3DB2BC1}.Ad-Hoc|iPhone.Build.0 = Release|Any CPU
		{77B3CB7D-A0A2-44EE-92E2-42C3D3DB2BC1}.Ad-Hoc|iPhone.Deploy.0 = Release|Any CPU
		{77B3CB7D-A0A2-44EE-92E2-42C3D3DB2BC1}.Ad-Hoc|iPhoneSimulator.ActiveCfg = Release|Any CPU
		{77B3CB7D-A0A2-44EE-92E2-42C3D3DB2BC1}.Ad-Hoc|iPhoneSimulator.Build.0 = Release|Any CPU
		{77B3CB7D-A0A2-44EE-92E2-42C3D3DB2BC1}.Ad-Hoc|iPhoneSimulator.Deploy.0 = Release|Any CPU
		{77B3CB7D-A0A2-44EE-92E2-42C3D3DB2BC1}.Ad-Hoc|x64.ActiveCfg = Release|x64
		{77B3CB7D-A0A2-44EE-92E2-42C3D3DB2BC1}.Ad-Hoc|x64.Build.0 = Release|x64
		{77B3CB7D-A0A2-44EE-92E2-42C3D3DB2BC1}.Ad-Hoc|x64.Deploy.0 = Release|x64
		{77B3CB7D-A0A2-44EE-92E2-42C3D3DB2BC1}.Ad-Hoc|x86.ActiveCfg = Release|x86
		{77B3CB7D-A0A2-44EE-92E2-42C3D3DB2BC1}.Ad-Hoc|x86.Build.0 = Release|x86
		{77B3CB7D-A0A2-44EE-92E2-42C3D3DB2BC1}.Ad-Hoc|x86.Deploy.0 = Release|x86
		{77B3CB7D-A0A2-44EE-92E2-42C3D3DB2BC1}.AppStore|Any CPU.ActiveCfg = Release|Any CPU
		{77B3CB7D-A0A2-44EE-92E2-42C3D3DB2BC1}.AppStore|Any CPU.Build.0 = Release|Any CPU
		{77B3CB7D-A0A2-44EE-92E2-42C3D3DB2BC1}.AppStore|Any CPU.Deploy.0 = Release|Any CPU
		{77B3CB7D-A0A2-44EE-92E2-42C3D3DB2BC1}.AppStore|ARM.ActiveCfg = Release|ARM
		{77B3CB7D-A0A2-44EE-92E2-42C3D3DB2BC1}.AppStore|ARM.Build.0 = Release|ARM
		{77B3CB7D-A0A2-44EE-92E2-42C3D3DB2BC1}.AppStore|ARM.Deploy.0 = Release|ARM
		{77B3CB7D-A0A2-44EE-92E2-42C3D3DB2BC1}.AppStore|iPhone.ActiveCfg = Release|Any CPU
		{77B3CB7D-A0A2-44EE-92E2-42C3D3DB2BC1}.AppStore|iPhone.Build.0 = Release|Any CPU
		{77B3CB7D-A0A2-44EE-92E2-42C3D3DB2BC1}.AppStore|iPhone.Deploy.0 = Release|Any CPU
		{77B3CB7D-A0A2-44EE-92E2-42C3D3DB2BC1}.AppStore|iPhoneSimulator.ActiveCfg = Release|Any CPU
		{77B3CB7D-A0A2-44EE-92E2-42C3D3DB2BC1}.AppStore|iPhoneSimulator.Build.0 = Release|Any CPU
		{77B3CB7D-A0A2-44EE-92E2-42C3D3DB2BC1}.AppStore|iPhoneSimulator.Deploy.0 = Release|Any CPU
		{77B3CB7D-A0A2-44EE-92E2-42C3D3DB2BC1}.AppStore|x64.ActiveCfg = Release|x64
		{77B3CB7D-A0A2-44EE-92E2-42C3D3DB2BC1}.AppStore|x64.Build.0 = Release|x64
		{77B3CB7D-A0A2-44EE-92E2-42C3D3DB2BC1}.AppStore|x64.Deploy.0 = Release|x64
		{77B3CB7D-A0A2-44EE-92E2-42C3D3DB2BC1}.AppStore|x86.ActiveCfg = Release|x86
		{77B3CB7D-A0A2-44EE-92E2-42C3D3DB2BC1}.AppStore|x86.Build.0 = Release|x86
		{77B3CB7D-A0A2-44EE-92E2-42C3D3DB2BC1}.AppStore|x86.Deploy.0 = Release|x86
		{77B3CB7D-A0A2-44EE-92E2-42C3D3DB2BC1}.Debug|Any CPU.ActiveCfg = Debug|Any CPU
		{77B3CB7D-A0A2-44EE-92E2-42C3D3DB2BC1}.Debug|Any CPU.Build.0 = Debug|Any CPU
		{77B3CB7D-A0A2-44EE-92E2-42C3D3DB2BC1}.Debug|Any CPU.Deploy.0 = Debug|Any CPU
		{77B3CB7D-A0A2-44EE-92E2-42C3D3DB2BC1}.Debug|ARM.ActiveCfg = Debug|ARM
		{77B3CB7D-A0A2-44EE-92E2-42C3D3DB2BC1}.Debug|ARM.Build.0 = Debug|ARM
		{77B3CB7D-A0A2-44EE-92E2-42C3D3DB2BC1}.Debug|ARM.Deploy.0 = Debug|ARM
		{77B3CB7D-A0A2-44EE-92E2-42C3D3DB2BC1}.Debug|iPhone.ActiveCfg = Debug|Any CPU
		{77B3CB7D-A0A2-44EE-92E2-42C3D3DB2BC1}.Debug|iPhone.Build.0 = Debug|Any CPU
		{77B3CB7D-A0A2-44EE-92E2-42C3D3DB2BC1}.Debug|iPhone.Deploy.0 = Debug|Any CPU
		{77B3CB7D-A0A2-44EE-92E2-42C3D3DB2BC1}.Debug|iPhoneSimulator.ActiveCfg = Debug|Any CPU
		{77B3CB7D-A0A2-44EE-92E2-42C3D3DB2BC1}.Debug|iPhoneSimulator.Build.0 = Debug|Any CPU
		{77B3CB7D-A0A2-44EE-92E2-42C3D3DB2BC1}.Debug|iPhoneSimulator.Deploy.0 = Debug|Any CPU
		{77B3CB7D-A0A2-44EE-92E2-42C3D3DB2BC1}.Debug|x64.ActiveCfg = Debug|x64
		{77B3CB7D-A0A2-44EE-92E2-42C3D3DB2BC1}.Debug|x64.Build.0 = Debug|x64
		{77B3CB7D-A0A2-44EE-92E2-42C3D3DB2BC1}.Debug|x64.Deploy.0 = Debug|x64
		{77B3CB7D-A0A2-44EE-92E2-42C3D3DB2BC1}.Debug|x86.ActiveCfg = Debug|x86
		{77B3CB7D-A0A2-44EE-92E2-42C3D3DB2BC1}.Debug|x86.Build.0 = Debug|x86
		{77B3CB7D-A0A2-44EE-92E2-42C3D3DB2BC1}.Debug|x86.Deploy.0 = Debug|x86
		{77B3CB7D-A0A2-44EE-92E2-42C3D3DB2BC1}.Release|Any CPU.ActiveCfg = Release|Any CPU
		{77B3CB7D-A0A2-44EE-92E2-42C3D3DB2BC1}.Release|Any CPU.Build.0 = Release|Any CPU
		{77B3CB7D-A0A2-44EE-92E2-42C3D3DB2BC1}.Release|Any CPU.Deploy.0 = Release|Any CPU
		{77B3CB7D-A0A2-44EE-92E2-42C3D3DB2BC1}.Release|ARM.ActiveCfg = Release|ARM
		{77B3CB7D-A0A2-44EE-92E2-42C3D3DB2BC1}.Release|ARM.Build.0 = Release|ARM
		{77B3CB7D-A0A2-44EE-92E2-42C3D3DB2BC1}.Release|ARM.Deploy.0 = Release|ARM
		{77B3CB7D-A0A2-44EE-92E2-42C3D3DB2BC1}.Release|iPhone.ActiveCfg = Release|Any CPU
		{77B3CB7D-A0A2-44EE-92E2-42C3D3DB2BC1}.Release|iPhone.Build.0 = Release|Any CPU
		{77B3CB7D-A0A2-44EE-92E2-42C3D3DB2BC1}.Release|iPhone.Deploy.0 = Release|Any CPU
		{77B3CB7D-A0A2-44EE-92E2-42C3D3DB2BC1}.Release|iPhoneSimulator.ActiveCfg = Release|Any CPU
		{77B3CB7D-A0A2-44EE-92E2-42C3D3DB2BC1}.Release|iPhoneSimulator.Build.0 = Release|Any CPU
		{77B3CB7D-A0A2-44EE-92E2-42C3D3DB2BC1}.Release|iPhoneSimulator.Deploy.0 = Release|Any CPU
		{77B3CB7D-A0A2-44EE-92E2-42C3D3DB2BC1}.Release|x64.ActiveCfg = Release|x64
		{77B3CB7D-A0A2-44EE-92E2-42C3D3DB2BC1}.Release|x64.Build.0 = Release|x64
		{77B3CB7D-A0A2-44EE-92E2-42C3D3DB2BC1}.Release|x64.Deploy.0 = Release|x64
		{77B3CB7D-A0A2-44EE-92E2-42C3D3DB2BC1}.Release|x86.ActiveCfg = Release|x86
		{77B3CB7D-A0A2-44EE-92E2-42C3D3DB2BC1}.Release|x86.Build.0 = Release|x86
		{77B3CB7D-A0A2-44EE-92E2-42C3D3DB2BC1}.Release|x86.Deploy.0 = Release|x86
		{FAB91611-29B0-44EB-80A2-FB746C8A4979}.Ad-Hoc|Any CPU.ActiveCfg = Release|Any CPU
		{FAB91611-29B0-44EB-80A2-FB746C8A4979}.Ad-Hoc|Any CPU.Build.0 = Release|Any CPU
		{FAB91611-29B0-44EB-80A2-FB746C8A4979}.Ad-Hoc|ARM.ActiveCfg = Release|Any CPU
		{FAB91611-29B0-44EB-80A2-FB746C8A4979}.Ad-Hoc|ARM.Build.0 = Release|Any CPU
		{FAB91611-29B0-44EB-80A2-FB746C8A4979}.Ad-Hoc|iPhone.ActiveCfg = Release|Any CPU
		{FAB91611-29B0-44EB-80A2-FB746C8A4979}.Ad-Hoc|iPhone.Build.0 = Release|Any CPU
		{FAB91611-29B0-44EB-80A2-FB746C8A4979}.Ad-Hoc|iPhoneSimulator.ActiveCfg = Release|Any CPU
		{FAB91611-29B0-44EB-80A2-FB746C8A4979}.Ad-Hoc|iPhoneSimulator.Build.0 = Release|Any CPU
		{FAB91611-29B0-44EB-80A2-FB746C8A4979}.Ad-Hoc|x64.ActiveCfg = Release|Any CPU
		{FAB91611-29B0-44EB-80A2-FB746C8A4979}.Ad-Hoc|x64.Build.0 = Release|Any CPU
		{FAB91611-29B0-44EB-80A2-FB746C8A4979}.Ad-Hoc|x86.ActiveCfg = Release|Any CPU
		{FAB91611-29B0-44EB-80A2-FB746C8A4979}.Ad-Hoc|x86.Build.0 = Release|Any CPU
		{FAB91611-29B0-44EB-80A2-FB746C8A4979}.AppStore|Any CPU.ActiveCfg = Release|Any CPU
		{FAB91611-29B0-44EB-80A2-FB746C8A4979}.AppStore|Any CPU.Build.0 = Release|Any CPU
		{FAB91611-29B0-44EB-80A2-FB746C8A4979}.AppStore|ARM.ActiveCfg = Release|Any CPU
		{FAB91611-29B0-44EB-80A2-FB746C8A4979}.AppStore|ARM.Build.0 = Release|Any CPU
		{FAB91611-29B0-44EB-80A2-FB746C8A4979}.AppStore|iPhone.ActiveCfg = Release|Any CPU
		{FAB91611-29B0-44EB-80A2-FB746C8A4979}.AppStore|iPhone.Build.0 = Release|Any CPU
		{FAB91611-29B0-44EB-80A2-FB746C8A4979}.AppStore|iPhoneSimulator.ActiveCfg = Release|Any CPU
		{FAB91611-29B0-44EB-80A2-FB746C8A4979}.AppStore|iPhoneSimulator.Build.0 = Release|Any CPU
		{FAB91611-29B0-44EB-80A2-FB746C8A4979}.AppStore|x64.ActiveCfg = Release|Any CPU
		{FAB91611-29B0-44EB-80A2-FB746C8A4979}.AppStore|x64.Build.0 = Release|Any CPU
		{FAB91611-29B0-44EB-80A2-FB746C8A4979}.AppStore|x86.ActiveCfg = Release|Any CPU
		{FAB91611-29B0-44EB-80A2-FB746C8A4979}.AppStore|x86.Build.0 = Release|Any CPU
		{FAB91611-29B0-44EB-80A2-FB746C8A4979}.Debug|Any CPU.ActiveCfg = Debug|Any CPU
		{FAB91611-29B0-44EB-80A2-FB746C8A4979}.Debug|Any CPU.Build.0 = Debug|Any CPU
		{FAB91611-29B0-44EB-80A2-FB746C8A4979}.Debug|ARM.ActiveCfg = Debug|Any CPU
		{FAB91611-29B0-44EB-80A2-FB746C8A4979}.Debug|ARM.Build.0 = Debug|Any CPU
		{FAB91611-29B0-44EB-80A2-FB746C8A4979}.Debug|iPhone.ActiveCfg = Debug|Any CPU
		{FAB91611-29B0-44EB-80A2-FB746C8A4979}.Debug|iPhone.Build.0 = Debug|Any CPU
		{FAB91611-29B0-44EB-80A2-FB746C8A4979}.Debug|iPhoneSimulator.ActiveCfg = Debug|Any CPU
		{FAB91611-29B0-44EB-80A2-FB746C8A4979}.Debug|iPhoneSimulator.Build.0 = Debug|Any CPU
		{FAB91611-29B0-44EB-80A2-FB746C8A4979}.Debug|x64.ActiveCfg = Debug|Any CPU
		{FAB91611-29B0-44EB-80A2-FB746C8A4979}.Debug|x64.Build.0 = Debug|Any CPU
		{FAB91611-29B0-44EB-80A2-FB746C8A4979}.Debug|x86.ActiveCfg = Debug|Any CPU
		{FAB91611-29B0-44EB-80A2-FB746C8A4979}.Debug|x86.Build.0 = Debug|Any CPU
		{FAB91611-29B0-44EB-80A2-FB746C8A4979}.Release|Any CPU.ActiveCfg = Release|Any CPU
		{FAB91611-29B0-44EB-80A2-FB746C8A4979}.Release|Any CPU.Build.0 = Release|Any CPU
		{FAB91611-29B0-44EB-80A2-FB746C8A4979}.Release|ARM.ActiveCfg = Release|Any CPU
		{FAB91611-29B0-44EB-80A2-FB746C8A4979}.Release|ARM.Build.0 = Release|Any CPU
		{FAB91611-29B0-44EB-80A2-FB746C8A4979}.Release|iPhone.ActiveCfg = Release|Any CPU
		{FAB91611-29B0-44EB-80A2-FB746C8A4979}.Release|iPhone.Build.0 = Release|Any CPU
		{FAB91611-29B0-44EB-80A2-FB746C8A4979}.Release|iPhoneSimulator.ActiveCfg = Release|Any CPU
		{FAB91611-29B0-44EB-80A2-FB746C8A4979}.Release|iPhoneSimulator.Build.0 = Release|Any CPU
		{FAB91611-29B0-44EB-80A2-FB746C8A4979}.Release|x64.ActiveCfg = Release|Any CPU
		{FAB91611-29B0-44EB-80A2-FB746C8A4979}.Release|x64.Build.0 = Release|Any CPU
		{FAB91611-29B0-44EB-80A2-FB746C8A4979}.Release|x86.ActiveCfg = Release|Any CPU
		{FAB91611-29B0-44EB-80A2-FB746C8A4979}.Release|x86.Build.0 = Release|Any CPU
	EndGlobalSection
	GlobalSection(SolutionProperties) = preSolution
		HideSolutionNode = FALSE
	EndGlobalSection
EndGlobal
